{
  "lockfile_version": "1",
  "packages": {
    "github:NixOS/nixpkgs/nixpkgs-unstable": {
      "resolved": "github:NixOS/nixpkgs/02032da4af073d0f6110540c8677f16d4be0117f?lastModified=1741037377&narHash=sha256-SvtvVKHaUX4Owb%2BPasySwZsoc5VUeTf1px34BByiOxw%3D"
    },
    "jdk@21.0.4": {
      "last_modified": "2025-02-07T11:26:36Z",
      "resolved": "github:NixOS/nixpkgs/d98abf5cf5914e5e4e9d57205e3af55ca90ffc1d#jdk",
      "source": "devbox-search",
      "version": "21.0.4",
      "systems": {
        "aarch64-darwin": {
          "outputs": [
            {
              "name": "out",
              "path": "/nix/store/nm3k9l4iy01bhvs9mz92fv4qspcdkz1c-zulu-ca-jdk-21.0.4",
              "default": true
            }
          ],
          "store_path": "/nix/store/nm3k9l4iy01bhvs9mz92fv4qspcdkz1c-zulu-ca-jdk-21.0.4"
        },
        "x86_64-darwin": {
          "outputs": [
            {
              "name": "out",
              "path": "/nix/store/67wwhdf3kxm5badywmscq9x8l9b188r1-zulu-ca-jdk-21.0.4",
              "default": true
            }
          ],
          "store_path": "/nix/store/67wwhdf3kxm5badywmscq9x8l9b188r1-zulu-ca-jdk-21.0.4"
        }
      }
    },
    "mkcert@1.4.4": {
      "last_modified": "2025-02-23T09:42:26Z",
      "resolved": "github:NixOS/nixpkgs/2d068ae5c6516b2d04562de50a58c682540de9bf#mkcert",
      "source": "devbox-search",
      "version": "1.4.4",
      "systems": {
        "aarch64-darwin": {
          "outputs": [
            {
              "name": "out",
              "path": "/nix/store/6f6yz4v5gbkhvwlh8y7vzzk4rjidqvny-mkcert-1.4.4",
              "default": true
            }
          ],
          "store_path": "/nix/store/6f6yz4v5gbkhvwlh8y7vzzk4rjidqvny-mkcert-1.4.4"
        },
        "aarch64-linux": {
          "outputs": [
            {
              "name": "out",
              "path": "/nix/store/mh178gyxs2d12hslc36qkgkp6d364n9b-mkcert-1.4.4",
              "default": true
            }
          ],
          "store_path": "/nix/store/mh178gyxs2d12hslc36qkgkp6d364n9b-mkcert-1.4.4"
        },
        "x86_64-darwin": {
          "outputs": [
            {
              "name": "out",
              "path": "/nix/store/ng4rvf8c8249j0nqliwkdpf039nf5d3f-mkcert-1.4.4",
              "default": true
            }
          ],
          "store_path": "/nix/store/ng4rvf8c8249j0nqliwkdpf039nf5d3f-mkcert-1.4.4"
        },
        "x86_64-linux": {
          "outputs": [
            {
              "name": "out",
              "path": "/nix/store/xgmzxn0x7snknkwhzawv509pq8jnvbcn-mkcert-1.4.4",
              "default": true
            }
          ],
          "store_path": "/nix/store/xgmzxn0x7snknkwhzawv509pq8jnvbcn-mkcert-1.4.4"
        }
      }
    },
    "volta@2.0.2": {
      "last_modified": "2025-02-23T09:42:26Z",
      "resolved": "github:NixOS/nixpkgs/2d068ae5c6516b2d04562de50a58c682540de9bf#volta",
      "source": "devbox-search",
      "version": "2.0.2",
      "systems": {
        "aarch64-darwin": {
          "outputs": [
            {
              "name": "out",
              "path": "/nix/store/j1wfgz232vgf1kkq66hi8wfw8npiqxma-volta-2.0.2",
              "default": true
            }
          ],
          "store_path": "/nix/store/j1wfgz232vgf1kkq66hi8wfw8npiqxma-volta-2.0.2"
        },
        "aarch64-linux": {
          "outputs": [
            {
              "name": "out",
              "path": "/nix/store/fs17hklc09dagk2kaiy22rkpiif2hwh6-volta-2.0.2",
              "default": true
            }
          ],
          "store_path": "/nix/store/fs17hklc09dagk2kaiy22rkpiif2hwh6-volta-2.0.2"
        },
        "x86_64-darwin": {
          "outputs": [
            {
              "name": "out",
              "path": "/nix/store/wwqggs66d9nzrb1vvin9zjpz70a0vvjx-volta-2.0.2",
              "default": true
            }
          ],
          "store_path": "/nix/store/wwqggs66d9nzrb1vvin9zjpz70a0vvjx-volta-2.0.2"
        },
        "x86_64-linux": {
          "outputs": [
            {
              "name": "out",
              "path": "/nix/store/yacvn1y0ngzsb67pcj1lqr32bgscnzqm-volta-2.0.2",
              "default": true
            }
          ],
          "store_path": "/nix/store/yacvn1y0ngzsb67pcj1lqr32bgscnzqm-volta-2.0.2"
        }
      }
    }
  }
}
